
Microsoft Visual Studio Solution File, Format Version 12.00
# Visual Studio Version 16
VisualStudioVersion = 16.0.31025.194
MinimumVisualStudioVersion = 10.0.40219.1
Project("{FAE04EC0-301F-11D3-BF4B-00C04F79EFBC}") = "AlturaAirDropper", "AlturaAirDropper\AlturaAirDropper.csproj", "{988ADE6C-23FB-4D63-9459-244A8D5F6B02}"
EndProject
Global
	GlobalSection(SolutionConfigurationPlatforms) = preSolution
		Debug|Any CPU = Debug|Any CPU
		Release|Any CPU = Release|Any CPU
	EndGlobalSection
	GlobalSection(ProjectConfigurationPlatforms) = postSolution
		{988ADE6C-23FB-4D63-9459-244A8D5F6B02}.Debug|Any CPU.ActiveCfg = Debug|Any CPU
		{988ADE6C-23FB-4D63-9459-244A8D5F6B02}.Debug|Any CPU.Build.0 = Debug|Any CPU
		{988ADE6C-23FB-4D63-9459-244A8D5F6B02}.Release|Any CPU.ActiveCfg = Release|Any CPU
		{988ADE6C-23FB-4D63-9459-244A8D5F6B02}.Release|Any CPU.Build.0 = Release|Any CPU
	EndGlobalSection
	GlobalSection(SolutionProperties) = preSolution
		HideSolutionNode = FALSE
	EndGlobalSection
	GlobalSection(ExtensibilityGlobals) = postSolution
		SolutionGuid = {B722D617-BE2A-4C1B-8F0E-A5A2D3EC78A0}
	EndGlobalSection
EndGlobal
